// !$*UTF8*$!
{
	archiveVersion = 1;
	classes = {
	};
	objectVersion = 56;
	objects = {

/* Begin PBXBuildFile section */
		A84B49582CC0037100A4E78B /* RockPaperScissorsView.swift in Sources */ = {isa = PBXBuildFile; fileRef = A84B49572CC0037100A4E78B /* RockPaperScissorsView.swift */; };
		A85162332CBE9F1500728313 /* ExempleDecoupageControlleurApp.swift in Sources */ = {isa = PBXBuildFile; fileRef = A85162322CBE9F1500728313 /* ExempleDecoupageControlleurApp.swift */; };
		A85162352CBE9F1500728313 /* ContentView.swift in Sources */ = {isa = PBXBuildFile; fileRef = A85162342CBE9F1500728313 /* ContentView.swift */; };
		A85162372CBE9F1900728313 /* Assets.xcassets in Resources */ = {isa = PBXBuildFile; fileRef = A85162362CBE9F1900728313 /* Assets.xcassets */; };
		A851623A2CBE9F1900728313 /* Preview Assets.xcassets in Resources */ = {isa = PBXBuildFile; fileRef = A85162392CBE9F1900728313 /* Preview Assets.xcassets */; };
		A85162412CBEA9B800728313 /* MainView.swift in Sources */ = {isa = PBXBuildFile; fileRef = A85162402CBEA9B800728313 /* MainView.swift */; };
		A85162442CBEAB5900728313 /* MenuAppsView.swift in Sources */ = {isa = PBXBuildFile; fileRef = A85162432CBEAB5900728313 /* MenuAppsView.swift */; };
		A85162462CBEB42200728313 /* AppParameters.swift in Sources */ = {isa = PBXBuildFile; fileRef = A85162452CBEB42200728313 /* AppParameters.swift */; };
		A85162482CBEB5DE00728313 /* DataController.swift in Sources */ = {isa = PBXBuildFile; fileRef = A85162472CBEB5DE00728313 /* DataController.swift */; };
		A851624A2CBEB9C900728313 /* MainViewModel.swift in Sources */ = {isa = PBXBuildFile; fileRef = A85162492CBEB9C900728313 /* MainViewModel.swift */; };
		A864FBAE2CC113D500E954FA /* RockPaperScissorsViewModel.swift in Sources */ = {isa = PBXBuildFile; fileRef = A864FBAD2CC113D500E954FA /* RockPaperScissorsViewModel.swift */; };
		A864FBB12CC1302C00E954FA /* JeuDuTempsView.swift in Sources */ = {isa = PBXBuildFile; fileRef = A864FBB02CC1302C00E954FA /* JeuDuTempsView.swift */; };
		A864FBB32CC1386200E954FA /* JeuDuTempsViewModel.swift in Sources */ = {isa = PBXBuildFile; fileRef = A864FBB22CC1386200E954FA /* JeuDuTempsViewModel.swift */; };
		A864FBB52CC164C600E954FA /* Rien.swift in Sources */ = {isa = PBXBuildFile; fileRef = A864FBB42CC164C600E954FA /* Rien.swift */; };
		A8C37BF82CBF9DF3008373E6 /* ExempleDecoupageControlleurTests.swift in Sources */ = {isa = PBXBuildFile; fileRef = A8C37BF72CBF9DF3008373E6 /* ExempleDecoupageControlleurTests.swift */; };
		A8C37C002CBFBFEB008373E6 /* IconView.swift in Sources */ = {isa = PBXBuildFile; fileRef = A8C37BFF2CBFBFEB008373E6 /* IconView.swift */; };
		A8C37C022CBFC852008373E6 /* extention+view.swift in Sources */ = {isa = PBXBuildFile; fileRef = A8C37C012CBFC852008373E6 /* extention+view.swift */; };
/* End PBXBuildFile section */

/* Begin PBXContainerItemProxy section */
		A8C37BF92CBF9DF3008373E6 /* PBXContainerItemProxy */ = {
			isa = PBXContainerItemProxy;
			containerPortal = A85162272CBE9F1500728313 /* Project object */;
			proxyType = 1;
			remoteGlobalIDString = A851622E2CBE9F1500728313;
			remoteInfo = ExempleDecoupageControlleur;
		};
/* End PBXContainerItemProxy section */

/* Begin PBXFileReference section */
		A84B49572CC0037100A4E78B /* RockPaperScissorsView.swift */ = {isa = PBXFileReference; lastKnownFileType = sourcecode.swift; path = RockPaperScissorsView.swift; sourceTree = "<group>"; };
		A851622F2CBE9F1500728313 /* ExempleDecoupageControlleur.app */ = {isa = PBXFileReference; explicitFileType = wrapper.application; includeInIndex = 0; path = ExempleDecoupageControlleur.app; sourceTree = BUILT_PRODUCTS_DIR; };
		A85162322CBE9F1500728313 /* ExempleDecoupageControlleurApp.swift */ = {isa = PBXFileReference; lastKnownFileType = sourcecode.swift; path = ExempleDecoupageControlleurApp.swift; sourceTree = "<group>"; };
		A85162342CBE9F1500728313 /* ContentView.swift */ = {isa = PBXFileReference; lastKnownFileType = sourcecode.swift; path = ContentView.swift; sourceTree = "<group>"; };
		A85162362CBE9F1900728313 /* Assets.xcassets */ = {isa = PBXFileReference; lastKnownFileType = folder.assetcatalog; path = Assets.xcassets; sourceTree = "<group>"; };
		A85162392CBE9F1900728313 /* Preview Assets.xcassets */ = {isa = PBXFileReference; lastKnownFileType = folder.assetcatalog; path = "Preview Assets.xcassets"; sourceTree = "<group>"; };
		A85162402CBEA9B800728313 /* MainView.swift */ = {isa = PBXFileReference; lastKnownFileType = sourcecode.swift; path = MainView.swift; sourceTree = "<group>"; };
		A85162432CBEAB5900728313 /* MenuAppsView.swift */ = {isa = PBXFileReference; lastKnownFileType = sourcecode.swift; path = MenuAppsView.swift; sourceTree = "<group>"; };
		A85162452CBEB42200728313 /* AppParameters.swift */ = {isa = PBXFileReference; lastKnownFileType = sourcecode.swift; path = AppParameters.swift; sourceTree = "<group>"; };
		A85162472CBEB5DE00728313 /* DataController.swift */ = {isa = PBXFileReference; lastKnownFileType = sourcecode.swift; path = DataController.swift; sourceTree = "<group>"; };
		A85162492CBEB9C900728313 /* MainViewModel.swift */ = {isa = PBXFileReference; lastKnownFileType = sourcecode.swift; path = MainViewModel.swift; sourceTree = "<group>"; };
		A864FBAD2CC113D500E954FA /* RockPaperScissorsViewModel.swift */ = {isa = PBXFileReference; lastKnownFileType = sourcecode.swift; path = RockPaperScissorsViewModel.swift; sourceTree = "<group>"; };
		A864FBB02CC1302C00E954FA /* JeuDuTempsView.swift */ = {isa = PBXFileReference; lastKnownFileType = sourcecode.swift; path = JeuDuTempsView.swift; sourceTree = "<group>"; };
		A864FBB22CC1386200E954FA /* JeuDuTempsViewModel.swift */ = {isa = PBXFileReference; lastKnownFileType = sourcecode.swift; path = JeuDuTempsViewModel.swift; sourceTree = "<group>"; };
		A864FBB42CC164C600E954FA /* Rien.swift */ = {isa = PBXFileReference; lastKnownFileType = sourcecode.swift; path = Rien.swift; sourceTree = "<group>"; };
		A8C37BF52CBF9DF3008373E6 /* ExempleDecoupageControlleurTests.xctest */ = {isa = PBXFileReference; explicitFileType = wrapper.cfbundle; includeInIndex = 0; path = ExempleDecoupageControlleurTests.xctest; sourceTree = BUILT_PRODUCTS_DIR; };
		A8C37BF72CBF9DF3008373E6 /* ExempleDecoupageControlleurTests.swift */ = {isa = PBXFileReference; lastKnownFileType = sourcecode.swift; path = ExempleDecoupageControlleurTests.swift; sourceTree = "<group>"; };
		A8C37BFF2CBFBFEB008373E6 /* IconView.swift */ = {isa = PBXFileReference; lastKnownFileType = sourcecode.swift; path = IconView.swift; sourceTree = "<group>"; };
		A8C37C012CBFC852008373E6 /* extention+view.swift */ = {isa = PBXFileReference; lastKnownFileType = sourcecode.swift; path = "extention+view.swift"; sourceTree = "<group>"; };
/* End PBXFileReference section */

/* Begin PBXFrameworksBuildPhase section */
		A851622C2CBE9F1500728313 /* Frameworks */ = {
			isa = PBXFrameworksBuildPhase;
			buildActionMask = 2147483647;
			files = (
			);
			runOnlyForDeploymentPostprocessing = 0;
		};
		A8C37BF22CBF9DF3008373E6 /* Frameworks */ = {
			isa = PBXFrameworksBuildPhase;
			buildActionMask = 2147483647;
			files = (
			);
			runOnlyForDeploymentPostprocessing = 0;
		};
/* End PBXFrameworksBuildPhase section */

/* Begin PBXGroup section */
		A85162262CBE9F1500728313 = {
			isa = PBXGroup;
			children = (
				A85162312CBE9F1500728313 /* ExempleDecoupageControlleur */,
				A8C37BF62CBF9DF3008373E6 /* ExempleDecoupageControlleurTests */,
				A85162302CBE9F1500728313 /* Products */,
			);
			sourceTree = "<group>";
		};
		A85162302CBE9F1500728313 /* Products */ = {
			isa = PBXGroup;
			children = (
				A851622F2CBE9F1500728313 /* ExempleDecoupageControlleur.app */,
				A8C37BF52CBF9DF3008373E6 /* ExempleDecoupageControlleurTests.xctest */,
			);
			name = Products;
			sourceTree = "<group>";
		};
		A85162312CBE9F1500728313 /* ExempleDecoupageControlleur */ = {
			isa = PBXGroup;
			children = (
				A8C37BFE2CBFBB93008373E6 /* ElementView */,
				A85162422CBEAA3F00728313 /* Brouillon */,
				A85162362CBE9F1900728313 /* Assets.xcassets */,
				A85162472CBEB5DE00728313 /* DataController.swift */,
				A85162452CBEB42200728313 /* AppParameters.swift */,
				A85162322CBE9F1500728313 /* ExempleDecoupageControlleurApp.swift */,
				A85162392CBE9F1900728313 /* Preview Assets.xcassets */,
				A864FBAC2CC113B900E954FA /* ViewModels */,
				A85162382CBE9F1900728313 /* Preview Content */,
			);
			path = ExempleDecoupageControlleur;
			sourceTree = "<group>";
		};
		A85162382CBE9F1900728313 /* Preview Content */ = {
			isa = PBXGroup;
			children = (
				A85162432CBEAB5900728313 /* MenuAppsView.swift */,
				A84B49572CC0037100A4E78B /* RockPaperScissorsView.swift */,
				A864FBB02CC1302C00E954FA /* JeuDuTempsView.swift */,
				A85162402CBEA9B800728313 /* MainView.swift */,
				A8C37C012CBFC852008373E6 /* extention+view.swift */,
				A864FBB42CC164C600E954FA /* Rien.swift */,
			);
			path = "Preview Content";
			sourceTree = "<group>";
		};
		A85162422CBEAA3F00728313 /* Brouillon */ = {
			isa = PBXGroup;
			children = (
				A85162342CBE9F1500728313 /* ContentView.swift */,
			);
			path = Brouillon;
			sourceTree = "<group>";
		};
		A864FBAC2CC113B900E954FA /* ViewModels */ = {
			isa = PBXGroup;
			children = (
				A85162492CBEB9C900728313 /* MainViewModel.swift */,
				A864FBAD2CC113D500E954FA /* RockPaperScissorsViewModel.swift */,
				A864FBB22CC1386200E954FA /* JeuDuTempsViewModel.swift */,
			);
			path = ViewModels;
			sourceTree = "<group>";
		};
		A8C37BF62CBF9DF3008373E6 /* ExempleDecoupageControlleurTests */ = {
			isa = PBXGroup;
			children = (
				A8C37BF72CBF9DF3008373E6 /* ExempleDecoupageControlleurTests.swift */,
			);
			path = ExempleDecoupageControlleurTests;
			sourceTree = "<group>";
		};
		A8C37BFE2CBFBB93008373E6 /* ElementView */ = {
			isa = PBXGroup;
			children = (
				A8C37BFF2CBFBFEB008373E6 /* IconView.swift */,
			);
			path = ElementView;
			sourceTree = "<group>";
		};
/* End PBXGroup section */

/* Begin PBXNativeTarget section */
		A851622E2CBE9F1500728313 /* ExempleDecoupageControlleur */ = {
			isa = PBXNativeTarget;
			buildConfigurationList = A851623D2CBE9F1900728313 /* Build configuration list for PBXNativeTarget "ExempleDecoupageControlleur" */;
			buildPhases = (
				A851622B2CBE9F1500728313 /* Sources */,
				A851622C2CBE9F1500728313 /* Frameworks */,
				A851622D2CBE9F1500728313 /* Resources */,
			);
			buildRules = (
			);
			dependencies = (
			);
			name = ExempleDecoupageControlleur;
			productName = ExempleDecoupageControlleur;
			productReference = A851622F2CBE9F1500728313 /* ExempleDecoupageControlleur.app */;
			productType = "com.apple.product-type.application";
		};
		A8C37BF42CBF9DF3008373E6 /* ExempleDecoupageControlleurTests */ = {
			isa = PBXNativeTarget;
			buildConfigurationList = A8C37BFB2CBF9DF3008373E6 /* Build configuration list for PBXNativeTarget "ExempleDecoupageControlleurTests" */;
			buildPhases = (
				A8C37BF12CBF9DF3008373E6 /* Sources */,
				A8C37BF22CBF9DF3008373E6 /* Frameworks */,
				A8C37BF32CBF9DF3008373E6 /* Resources */,
			);
			buildRules = (
			);
			dependencies = (
				A8C37BFA2CBF9DF3008373E6 /* PBXTargetDependency */,
			);
			name = ExempleDecoupageControlleurTests;
			productName = ExempleDecoupageControlleurTests;
			productReference = A8C37BF52CBF9DF3008373E6 /* ExempleDecoupageControlleurTests.xctest */;
			productType = "com.apple.product-type.bundle.unit-test";
		};
/* End PBXNativeTarget section */

/* Begin PBXProject section */
		A85162272CBE9F1500728313 /* Project object */ = {
			isa = PBXProject;
			attributes = {
				BuildIndependentTargetsInParallel = 1;
				LastSwiftUpdateCheck = 1540;
				LastUpgradeCheck = 1540;
				TargetAttributes = {
					A851622E2CBE9F1500728313 = {
						CreatedOnToolsVersion = 15.4;
					};
					A8C37BF42CBF9DF3008373E6 = {
						CreatedOnToolsVersion = 15.4;
						TestTargetID = A851622E2CBE9F1500728313;
					};
				};
			};
			buildConfigurationList = A851622A2CBE9F1500728313 /* Build configuration list for PBXProject "ExempleDecoupageControlleur" */;
			compatibilityVersion = "Xcode 14.0";
			developmentRegion = en;
			hasScannedForEncodings = 0;
			knownRegions = (
				en,
				Base,
			);
			mainGroup = A85162262CBE9F1500728313;
			productRefGroup = A85162302CBE9F1500728313 /* Products */;
			projectDirPath = "";
			projectRoot = "";
			targets = (
				A851622E2CBE9F1500728313 /* ExempleDecoupageControlleur */,
				A8C37BF42CBF9DF3008373E6 /* ExempleDecoupageControlleurTests */,
			);
		};
/* End PBXProject section */

/* Begin PBXResourcesBuildPhase section */
		A851622D2CBE9F1500728313 /* Resources */ = {
			isa = PBXResourcesBuildPhase;
			buildActionMask = 2147483647;
			files = (
				A851623A2CBE9F1900728313 /* Preview Assets.xcassets in Resources */,
				A85162372CBE9F1900728313 /* Assets.xcassets in Resources */,
			);
			runOnlyForDeploymentPostprocessing = 0;
		};
		A8C37BF32CBF9DF3008373E6 /* Resources */ = {
			isa = PBXResourcesBuildPhase;
			buildActionMask = 2147483647;
			files = (
			);
			runOnlyForDeploymentPostprocessing = 0;
		};
/* End PBXResourcesBuildPhase section */

/* Begin PBXSourcesBuildPhase section */
		A851622B2CBE9F1500728313 /* Sources */ = {
			isa = PBXSourcesBuildPhase;
			buildActionMask = 2147483647;
			files = (
				A851624A2CBEB9C900728313 /* MainViewModel.swift in Sources */,
				A864FBB32CC1386200E954FA /* JeuDuTempsViewModel.swift in Sources */,
				A84B49582CC0037100A4E78B /* RockPaperScissorsView.swift in Sources */,
				A85162462CBEB42200728313 /* AppParameters.swift in Sources */,
				A85162482CBEB5DE00728313 /* DataController.swift in Sources */,
				A85162352CBE9F1500728313 /* ContentView.swift in Sources */,
				A85162442CBEAB5900728313 /* MenuAppsView.swift in Sources */,
				A8C37C022CBFC852008373E6 /* extention+view.swift in Sources */,
				A8C37C002CBFBFEB008373E6 /* IconView.swift in Sources */,
				A85162412CBEA9B800728313 /* MainView.swift in Sources */,
				A864FBB12CC1302C00E954FA /* JeuDuTempsView.swift in Sources */,
				A85162332CBE9F1500728313 /* ExempleDecoupageControlleurApp.swift in Sources */,
				A864FBAE2CC113D500E954FA /* RockPaperScissorsViewModel.swift in Sources */,
				A864FBB52CC164C600E954FA /* Rien.swift in Sources */,
			);
			runOnlyForDeploymentPostprocessing = 0;
		};
		A8C37BF12CBF9DF3008373E6 /* Sources */ = {
			isa = PBXSourcesBuildPhase;
			buildActionMask = 2147483647;
			files = (
				A8C37BF82CBF9DF3008373E6 /* ExempleDecoupageControlleurTests.swift in Sources */,
			);
			runOnlyForDeploymentPostprocessing = 0;
		};
/* End PBXSourcesBuildPhase section */

/* Begin PBXTargetDependency section */
		A8C37BFA2CBF9DF3008373E6 /* PBXTargetDependency */ = {
			isa = PBXTargetDependency;
			target = A851622E2CBE9F1500728313 /* ExempleDecoupageControlleur */;
			targetProxy = A8C37BF92CBF9DF3008373E6 /* PBXContainerItemProxy */;
		};
/* End PBXTargetDependency section */

/* Begin XCBuildConfiguration section */
		A851623B2CBE9F1900728313 /* Debug */ = {
			isa = XCBuildConfiguration;
			buildSettings = {
				ALWAYS_SEARCH_USER_PATHS = NO;
				ASSETCATALOG_COMPILER_GENERATE_SWIFT_ASSET_SYMBOL_EXTENSIONS = YES;
				CLANG_ANALYZER_NONNULL = YES;
				CLANG_ANALYZER_NUMBER_OBJECT_CONVERSION = YES_AGGRESSIVE;
				CLANG_CXX_LANGUAGE_STANDARD = "gnu++20";
				CLANG_ENABLE_MODULES = YES;
				CLANG_ENABLE_OBJC_ARC = YES;
				CLANG_ENABLE_OBJC_WEAK = YES;
				CLANG_WARN_BLOCK_CAPTURE_AUTORELEASING = YES;
				CLANG_WARN_BOOL_CONVERSION = YES;
				CLANG_WARN_COMMA = YES;
				CLANG_WARN_CONSTANT_CONVERSION = YES;
				CLANG_WARN_DEPRECATED_OBJC_IMPLEMENTATIONS = YES;
				CLANG_WARN_DIRECT_OBJC_ISA_USAGE = YES_ERROR;
				CLANG_WARN_DOCUMENTATION_COMMENTS = YES;
				CLANG_WARN_EMPTY_BODY = YES;
				CLANG_WARN_ENUM_CONVERSION = YES;
				CLANG_WARN_INFINITE_RECURSION = YES;
				CLANG_WARN_INT_CONVERSION = YES;
				CLANG_WARN_NON_LITERAL_NULL_CONVERSION = YES;
				CLANG_WARN_OBJC_IMPLICIT_RETAIN_SELF = YES;
				CLANG_WARN_OBJC_LITERAL_CONVERSION = YES;
				CLANG_WARN_OBJC_ROOT_CLASS = YES_ERROR;
				CLANG_WARN_QUOTED_INCLUDE_IN_FRAMEWORK_HEADER = YES;
				CLANG_WARN_RANGE_LOOP_ANALYSIS = YES;
				CLANG_WARN_STRICT_PROTOTYPES = YES;
				CLANG_WARN_SUSPICIOUS_MOVE = YES;
				CLANG_WARN_UNGUARDED_AVAILABILITY = YES_AGGRESSIVE;
				CLANG_WARN_UNREACHABLE_CODE = YES;
				CLANG_WARN__DUPLICATE_METHOD_MATCH = YES;
				COPY_PHASE_STRIP = NO;
				DEBUG_INFORMATION_FORMAT = dwarf;
				ENABLE_STRICT_OBJC_MSGSEND = YES;
				ENABLE_TESTABILITY = YES;
				ENABLE_USER_SCRIPT_SANDBOXING = YES;
				GCC_C_LANGUAGE_STANDARD = gnu17;
				GCC_DYNAMIC_NO_PIC = NO;
				GCC_NO_COMMON_BLOCKS = YES;
				GCC_OPTIMIZATION_LEVEL = 0;
				GCC_PREPROCESSOR_DEFINITIONS = (
					"DEBUG=1",
					"$(inherited)",
				);
				GCC_WARN_64_TO_32_BIT_CONVERSION = YES;
				GCC_WARN_ABOUT_RETURN_TYPE = YES_ERROR;
				GCC_WARN_UNDECLARED_SELECTOR = YES;
				GCC_WARN_UNINITIALIZED_AUTOS = YES_AGGRESSIVE;
				GCC_WARN_UNUSED_FUNCTION = YES;
				GCC_WARN_UNUSED_VARIABLE = YES;
				IPHONEOS_DEPLOYMENT_TARGET = 17.5;
				LOCALIZATION_PREFERS_STRING_CATALOGS = YES;
				MTL_ENABLE_DEBUG_INFO = INCLUDE_SOURCE;
				MTL_FAST_MATH = YES;
				ONLY_ACTIVE_ARCH = YES;
				SDKROOT = iphoneos;
				SWIFT_ACTIVE_COMPILATION_CONDITIONS = "DEBUG $(inherited)";
				SWIFT_OPTIMIZATION_LEVEL = "-Onone";
			};
			name = Debug;
		};
		A851623C2CBE9F1900728313 /* Release */ = {
			isa = XCBuildConfiguration;
			buildSettings = {
				ALWAYS_SEARCH_USER_PATHS = NO;
				ASSETCATALOG_COMPILER_GENERATE_SWIFT_ASSET_SYMBOL_EXTENSIONS = YES;
				CLANG_ANALYZER_NONNULL = YES;
				CLANG_ANALYZER_NUMBER_OBJECT_CONVERSION = YES_AGGRESSIVE;
				CLANG_CXX_LANGUAGE_STANDARD = "gnu++20";
				CLANG_ENABLE_MODULES = YES;
				CLANG_ENABLE_OBJC_ARC = YES;
				CLANG_ENABLE_OBJC_WEAK = YES;
				CLANG_WARN_BLOCK_CAPTURE_AUTORELEASING = YES;
				CLANG_WARN_BOOL_CONVERSION = YES;
				CLANG_WARN_COMMA = YES;
				CLANG_WARN_CONSTANT_CONVERSION = YES;
				CLANG_WARN_DEPRECATED_OBJC_IMPLEMENTATIONS = YES;
				CLANG_WARN_DIRECT_OBJC_ISA_USAGE = YES_ERROR;
				CLANG_WARN_DOCUMENTATION_COMMENTS = YES;
				CLANG_WARN_EMPTY_BODY = YES;
				CLANG_WARN_ENUM_CONVERSION = YES;
				CLANG_WARN_INFINITE_RECURSION = YES;
				CLANG_WARN_INT_CONVERSION = YES;
				CLANG_WARN_NON_LITERAL_NULL_CONVERSION = YES;
				CLANG_WARN_OBJC_IMPLICIT_RETAIN_SELF = YES;
				CLANG_WARN_OBJC_LITERAL_CONVERSION = YES;
				CLANG_WARN_OBJC_ROOT_CLASS = YES_ERROR;
				CLANG_WARN_QUOTED_INCLUDE_IN_FRAMEWORK_HEADER = YES;
				CLANG_WARN_RANGE_LOOP_ANALYSIS = YES;
				CLANG_WARN_STRICT_PROTOTYPES = YES;
				CLANG_WARN_SUSPICIOUS_MOVE = YES;
				CLANG_WARN_UNGUARDED_AVAILABILITY = YES_AGGRESSIVE;
				CLANG_WARN_UNREACHABLE_CODE = YES;
				CLANG_WARN__DUPLICATE_METHOD_MATCH = YES;
				COPY_PHASE_STRIP = NO;
				DEBUG_INFORMATION_FORMAT = "dwarf-with-dsym";
				ENABLE_NS_ASSERTIONS = NO;
				ENABLE_STRICT_OBJC_MSGSEND = YES;
				ENABLE_USER_SCRIPT_SANDBOXING = YES;
				GCC_C_LANGUAGE_STANDARD = gnu17;
				GCC_NO_COMMON_BLOCKS = YES;
				GCC_WARN_64_TO_32_BIT_CONVERSION = YES;
				GCC_WARN_ABOUT_RETURN_TYPE = YES_ERROR;
				GCC_WARN_UNDECLARED_SELECTOR = YES;
				GCC_WARN_UNINITIALIZED_AUTOS = YES_AGGRESSIVE;
				GCC_WARN_UNUSED_FUNCTION = YES;
				GCC_WARN_UNUSED_VARIABLE = YES;
				IPHONEOS_DEPLOYMENT_TARGET = 17.5;
				LOCALIZATION_PREFERS_STRING_CATALOGS = YES;
				MTL_ENABLE_DEBUG_INFO = NO;
				MTL_FAST_MATH = YES;
				SDKROOT = iphoneos;
				SWIFT_COMPILATION_MODE = wholemodule;
				VALIDATE_PRODUCT = YES;
			};
			name = Release;
		};
		A851623E2CBE9F1900728313 /* Debug */ = {
			isa = XCBuildConfiguration;
			buildSettings = {
				ASSETCATALOG_COMPILER_APPICON_NAME = AppIcon;
				ASSETCATALOG_COMPILER_GLOBAL_ACCENT_COLOR_NAME = AccentColor;
				CODE_SIGN_STYLE = Automatic;
				CURRENT_PROJECT_VERSION = 1;
				DEVELOPMENT_ASSET_PATHS = "\"ExempleDecoupageControlleur/Preview Content\"";
				ENABLE_PREVIEWS = YES;
				GENERATE_INFOPLIST_FILE = YES;
				INFOPLIST_KEY_UIApplicationSceneManifest_Generation = YES;
				INFOPLIST_KEY_UIApplicationSupportsIndirectInputEvents = YES;
				INFOPLIST_KEY_UILaunchScreen_Generation = YES;
				INFOPLIST_KEY_UISupportedInterfaceOrientations = UIInterfaceOrientationPortrait;
				LD_RUNPATH_SEARCH_PATHS = (
					"$(inherited)",
					"@executable_path/Frameworks",
				);
				MARKETING_VERSION = 1.0;
				PRODUCT_BUNDLE_IDENTIFIER = fr.aityakoubenzo.ExempleDecoupageControlleur;
				PRODUCT_NAME = "$(TARGET_NAME)";
				SUPPORTED_PLATFORMS = "iphoneos iphonesimulator";
				SUPPORTS_MACCATALYST = NO;
				SUPPORTS_MAC_DESIGNED_FOR_IPHONE_IPAD = NO;
				SUPPORTS_XR_DESIGNED_FOR_IPHONE_IPAD = NO;
				SWIFT_EMIT_LOC_STRINGS = YES;
				SWIFT_VERSION = 5.0;
				TARGETED_DEVICE_FAMILY = "1,2";
			};
			name = Debug;
		};
		A851623F2CBE9F1900728313 /* Release */ = {
			isa = XCBuildConfiguration;
			buildSettings = {
				ASSETCATALOG_COMPILER_APPICON_NAME = AppIcon;
				ASSETCATALOG_COMPILER_GLOBAL_ACCENT_COLOR_NAME = AccentColor;
				CODE_SIGN_STYLE = Automatic;
				CURRENT_PROJECT_VERSION = 1;
				DEVELOPMENT_ASSET_PATHS = "\"ExempleDecoupageControlleur/Preview Content\"";
				ENABLE_PREVIEWS = YES;
				GENERATE_INFOPLIST_FILE = YES;
				INFOPLIST_KEY_UIApplicationSceneManifest_Generation = YES;
				INFOPLIST_KEY_UIApplicationSupportsIndirectInputEvents = YES;
				INFOPLIST_KEY_UILaunchScreen_Generation = YES;
				INFOPLIST_KEY_UISupportedInterfaceOrientations = UIInterfaceOrientationPortrait;
				LD_RUNPATH_SEARCH_PATHS = (
					"$(inherited)",
					"@executable_path/Frameworks",
				);
				MARKETING_VERSION = 1.0;
				PRODUCT_BUNDLE_IDENTIFIER = fr.aityakoubenzo.ExempleDecoupageControlleur;
				PRODUCT_NAME = "$(TARGET_NAME)";
				SUPPORTED_PLATFORMS = "iphoneos iphonesimulator";
				SUPPORTS_MACCATALYST = NO;
				SUPPORTS_MAC_DESIGNED_FOR_IPHONE_IPAD = NO;
				SUPPORTS_XR_DESIGNED_FOR_IPHONE_IPAD = NO;
				SWIFT_EMIT_LOC_STRINGS = YES;
				SWIFT_VERSION = 5.0;
				TARGETED_DEVICE_FAMILY = "1,2";
			};
			name = Release;
		};
		A8C37BFC2CBF9DF3008373E6 /* Debug */ = {
			isa = XCBuildConfiguration;
			buildSettings = {
				BUNDLE_LOADER = "$(TEST_HOST)";
				CODE_SIGN_STYLE = Automatic;
				CURRENT_PROJECT_VERSION = 1;
				GENERATE_INFOPLIST_FILE = YES;
				MARKETING_VERSION = 1.0;
				PRODUCT_BUNDLE_IDENTIFIER = fr.aityakoubenzo.ExempleDecoupageControlleurTests;
				PRODUCT_NAME = "$(TARGET_NAME)";
				SWIFT_EMIT_LOC_STRINGS = NO;
				SWIFT_VERSION = 5.0;
				TARGETED_DEVICE_FAMILY = "1,2";
				TEST_HOST = "$(BUILT_PRODUCTS_DIR)/ExempleDecoupageControlleur.app/$(BUNDLE_EXECUTABLE_FOLDER_PATH)/ExempleDecoupageControlleur";
			};
			name = Debug;
		};
		A8C37BFD2CBF9DF3008373E6 /* Release */ = {
			isa = XCBuildConfiguration;
			buildSettings = {
				BUNDLE_LOADER = "$(TEST_HOST)";
				CODE_SIGN_STYLE = Automatic;
				CURRENT_PROJECT_VERSION = 1;
				GENERATE_INFOPLIST_FILE = YES;
				MARKETING_VERSION = 1.0;
				PRODUCT_BUNDLE_IDENTIFIER = fr.aityakoubenzo.ExempleDecoupageControlleurTests;
				PRODUCT_NAME = "$(TARGET_NAME)";
				SWIFT_EMIT_LOC_STRINGS = NO;
				SWIFT_VERSION = 5.0;
				TARGETED_DEVICE_FAMILY = "1,2";
				TEST_HOST = "$(BUILT_PRODUCTS_DIR)/ExempleDecoupageControlleur.app/$(BUNDLE_EXECUTABLE_FOLDER_PATH)/ExempleDecoupageControlleur";
			};
			name = Release;
		};
/* End XCBuildConfiguration section */

/* Begin XCConfigurationList section */
		A851622A2CBE9F1500728313 /* Build configuration list for PBXProject "ExempleDecoupageControlleur" */ = {
			isa = XCConfigurationList;
			buildConfigurations = (
				A851623B2CBE9F1900728313 /* Debug */,
				A851623C2CBE9F1900728313 /* Release */,
			);
			defaultConfigurationIsVisible = 0;
			defaultConfigurationName = Release;
		};
		A851623D2CBE9F1900728313 /* Build configuration list for PBXNativeTarget "ExempleDecoupageControlleur" */ = {
			isa = XCConfigurationList;
			buildConfigurations = (
				A851623E2CBE9F1900728313 /* Debug */,
				A851623F2CBE9F1900728313 /* Release */,
			);
			defaultConfigurationIsVisible = 0;
			defaultConfigurationName = Release;
		};
		A8C37BFB2CBF9DF3008373E6 /* Build configuration list for PBXNativeTarget "ExempleDecoupageControlleurTests" */ = {
			isa = XCConfigurationList;
			buildConfigurations = (
				A8C37BFC2CBF9DF3008373E6 /* Debug */,
				A8C37BFD2CBF9DF3008373E6 /* Release */,
			);
			defaultConfigurationIsVisible = 0;
			defaultConfigurationName = Release;
		};
/* End XCConfigurationList section */
	};
	rootObject = A85162272CBE9F1500728313 /* Project object */;
}
